
Microsoft Visual Studio Solution File, Format Version 12.00
# Visual Studio Version 17
VisualStudioVersion = 17.6.33829.357
MinimumVisualStudioVersion = 10.0.40219.1
Project("{9A19103F-16F7-4668-BE54-9A1E7A4F7556}") = "RealEstate_Dapper_Api", "RealEstate_Dapper_Api\RealEstate_Dapper_Api.csproj", "{864F74D4-4DDC-414D-9712-C97775C6BEE6}"
EndProject
Project("{FAE04EC0-301F-11D3-BF4B-00C04F79EFBC}") = "RealEstate_Dapper_UI", "RealEstate_Dapper_UI\RealEstate_Dapper_UI.csproj", "{91F58641-5D6E-4078-934F-653D3E91E21F}"
EndProject
Global
	GlobalSection(SolutionConfigurationPlatforms) = preSolution
		Debug|Any CPU = Debug|Any CPU
		Release|Any CPU = Release|Any CPU
	EndGlobalSection
	GlobalSection(ProjectConfigurationPlatforms) = postSolution
		{864F74D4-4DDC-414D-9712-C97775C6BEE6}.Debug|Any CPU.ActiveCfg = Debug|Any CPU
		{864F74D4-4DDC-414D-9712-C97775C6BEE6}.Debug|Any CPU.Build.0 = Debug|Any CPU
		{864F74D4-4DDC-414D-9712-C97775C6BEE6}.Release|Any CPU.ActiveCfg = Release|Any CPU
		{864F74D4-4DDC-414D-9712-C97775C6BEE6}.Release|Any CPU.Build.0 = Release|Any CPU
		{91F58641-5D6E-4078-934F-653D3E91E21F}.Debug|Any CPU.ActiveCfg = Debug|Any CPU
		{91F58641-5D6E-4078-934F-653D3E91E21F}.Debug|Any CPU.Build.0 = Debug|Any CPU
		{91F58641-5D6E-4078-934F-653D3E91E21F}.Release|Any CPU.ActiveCfg = Release|Any CPU
		{91F58641-5D6E-4078-934F-653D3E91E21F}.Release|Any CPU.Build.0 = Release|Any CPU
	EndGlobalSection
	GlobalSection(SolutionProperties) = preSolution
		HideSolutionNode = FALSE
	EndGlobalSection
	GlobalSection(ExtensibilityGlobals) = postSolution
		SolutionGuid = {8DBE777B-10EB-4C65-864B-2A69EEBC124E}
	EndGlobalSection
EndGlobal
